
Microsoft Visual Studio Solution File, Format Version 12.00
# Visual Studio 15
VisualStudioVersion = 15.0.26430.6
MinimumVisualStudioVersion = 10.0.40219.1
Project("{FAE04EC0-301F-11D3-BF4B-00C04F79EFBC}") = "ProductsReprised", "ProductsReprised\ProductsReprised.csproj", "{81303BBA-D515-4BD2-846C-F393B0F7C425}"
EndProject
Project("{FAE04EC0-301F-11D3-BF4B-00C04F79EFBC}") = "ProductsReprised.Models", "ProductsReprised.Models\ProductsReprised.Models.csproj", "{3575F8DA-AA17-48D7-BA9B-89DCD6E05A0B}"
EndProject
Project("{FAE04EC0-301F-11D3-BF4B-00C04F79EFBC}") = "ProductsReprised.Core", "ProductsReprised.Core\ProductsReprised.Core.csproj", "{14E34504-3490-43AD-B28E-D6A880D8B677}"
EndProject
Global
	GlobalSection(SolutionConfigurationPlatforms) = preSolution
		Debug|Any CPU = Debug|Any CPU
		Release|Any CPU = Release|Any CPU
	EndGlobalSection
	GlobalSection(ProjectConfigurationPlatforms) = postSolution
		{81303BBA-D515-4BD2-846C-F393B0F7C425}.Debug|Any CPU.ActiveCfg = Debug|Any CPU
		{81303BBA-D515-4BD2-846C-F393B0F7C425}.Debug|Any CPU.Build.0 = Debug|Any CPU
		{81303BBA-D515-4BD2-846C-F393B0F7C425}.Release|Any CPU.ActiveCfg = Release|Any CPU
		{81303BBA-D515-4BD2-846C-F393B0F7C425}.Release|Any CPU.Build.0 = Release|Any CPU
		{3575F8DA-AA17-48D7-BA9B-89DCD6E05A0B}.Debug|Any CPU.ActiveCfg = Debug|Any CPU
		{3575F8DA-AA17-48D7-BA9B-89DCD6E05A0B}.Debug|Any CPU.Build.0 = Debug|Any CPU
		{3575F8DA-AA17-48D7-BA9B-89DCD6E05A0B}.Release|Any CPU.ActiveCfg = Release|Any CPU
		{3575F8DA-AA17-48D7-BA9B-89DCD6E05A0B}.Release|Any CPU.Build.0 = Release|Any CPU
		{14E34504-3490-43AD-B28E-D6A880D8B677}.Debug|Any CPU.ActiveCfg = Debug|Any CPU
		{14E34504-3490-43AD-B28E-D6A880D8B677}.Debug|Any CPU.Build.0 = Debug|Any CPU
		{14E34504-3490-43AD-B28E-D6A880D8B677}.Release|Any CPU.ActiveCfg = Release|Any CPU
		{14E34504-3490-43AD-B28E-D6A880D8B677}.Release|Any CPU.Build.0 = Release|Any CPU
	EndGlobalSection
	GlobalSection(SolutionProperties) = preSolution
		HideSolutionNode = FALSE
	EndGlobalSection
EndGlobal
