
Microsoft Visual Studio Solution File, Format Version 12.00
# Visual Studio 15
VisualStudioVersion = 15.0.26430.6
MinimumVisualStudioVersion = 10.0.40219.1
Project("{FAE04EC0-301F-11D3-BF4B-00C04F79EFBC}") = "ProductsReprised", "ProductsReprised\ProductsReprised.csproj", "{C596FC37-9B01-42B9-A37E-E1E2280EF168}"
EndProject
Project("{FAE04EC0-301F-11D3-BF4B-00C04F79EFBC}") = "ProductsReprised.Core", "ProductsReprised.Core\ProductsReprised.Core.csproj", "{8958DA62-5E49-4952-906D-4CDE883EACC0}"
EndProject
Project("{FAE04EC0-301F-11D3-BF4B-00C04F79EFBC}") = "ProductsReprised.Data", "ProductsReprised.Data\ProductsReprised.Data.csproj", "{44961DC4-1154-4F58-A8C1-39C599EB375B}"
EndProject
Project("{FAE04EC0-301F-11D3-BF4B-00C04F79EFBC}") = "ProductsReprised.Service", "ProductsReprised.Service\ProductsReprised.Service.csproj", "{CC10E475-4B72-4D2F-A40E-702CAA4B61C1}"
EndProject
Global
	GlobalSection(SolutionConfigurationPlatforms) = preSolution
		Debug|Any CPU = Debug|Any CPU
		Release|Any CPU = Release|Any CPU
	EndGlobalSection
	GlobalSection(ProjectConfigurationPlatforms) = postSolution
		{C596FC37-9B01-42B9-A37E-E1E2280EF168}.Debug|Any CPU.ActiveCfg = Debug|Any CPU
		{C596FC37-9B01-42B9-A37E-E1E2280EF168}.Debug|Any CPU.Build.0 = Debug|Any CPU
		{C596FC37-9B01-42B9-A37E-E1E2280EF168}.Release|Any CPU.ActiveCfg = Release|Any CPU
		{C596FC37-9B01-42B9-A37E-E1E2280EF168}.Release|Any CPU.Build.0 = Release|Any CPU
		{8958DA62-5E49-4952-906D-4CDE883EACC0}.Debug|Any CPU.ActiveCfg = Debug|Any CPU
		{8958DA62-5E49-4952-906D-4CDE883EACC0}.Debug|Any CPU.Build.0 = Debug|Any CPU
		{8958DA62-5E49-4952-906D-4CDE883EACC0}.Release|Any CPU.ActiveCfg = Release|Any CPU
		{8958DA62-5E49-4952-906D-4CDE883EACC0}.Release|Any CPU.Build.0 = Release|Any CPU
		{44961DC4-1154-4F58-A8C1-39C599EB375B}.Debug|Any CPU.ActiveCfg = Debug|Any CPU
		{44961DC4-1154-4F58-A8C1-39C599EB375B}.Debug|Any CPU.Build.0 = Debug|Any CPU
		{44961DC4-1154-4F58-A8C1-39C599EB375B}.Release|Any CPU.ActiveCfg = Release|Any CPU
		{44961DC4-1154-4F58-A8C1-39C599EB375B}.Release|Any CPU.Build.0 = Release|Any CPU
		{CC10E475-4B72-4D2F-A40E-702CAA4B61C1}.Debug|Any CPU.ActiveCfg = Debug|Any CPU
		{CC10E475-4B72-4D2F-A40E-702CAA4B61C1}.Debug|Any CPU.Build.0 = Debug|Any CPU
		{CC10E475-4B72-4D2F-A40E-702CAA4B61C1}.Release|Any CPU.ActiveCfg = Release|Any CPU
		{CC10E475-4B72-4D2F-A40E-702CAA4B61C1}.Release|Any CPU.Build.0 = Release|Any CPU
	EndGlobalSection
	GlobalSection(SolutionProperties) = preSolution
		HideSolutionNode = FALSE
	EndGlobalSection
EndGlobal
